{
  "name": "prueba-2",
  "lockfileVersion": 3,
  "requires": true,
  "packages": {
    "": {
      "dependencies": {
        "fp-ts": "^2.16.9",
        "io-ts": "^2.2.21",
        "ts-adt": "^2.1.2"
      },
      "devDependencies": {
        "typescript": "^5.5.4"
      }
    },
    "node_modules/fp-ts": {
      "version": "2.16.9",
      "resolved": "https://registry.npmjs.org/fp-ts/-/fp-ts-2.16.9.tgz",
      "integrity": "sha512-+I2+FnVB+tVaxcYyQkHUq7ZdKScaBlX53A41mxQtpIccsfyv8PzdzP7fzp2AY832T4aoK6UZ5WRX/ebGd8uZuQ=="
    },
    "node_modules/io-ts": {
      "version": "2.2.21",
      "resolved": "https://registry.npmjs.org/io-ts/-/io-ts-2.2.21.tgz",
      "integrity": "sha512-zz2Z69v9ZIC3mMLYWIeoUcwWD6f+O7yP92FMVVaXEOSZH1jnVBmET/urd/uoarD1WGBY4rCj8TAyMPzsGNzMFQ==",
      "peerDependencies": {
        "fp-ts": "^2.5.0"
      }
    },
    "node_modules/ts-adt": {
      "version": "2.1.2",
      "resolved": "https://registry.npmjs.org/ts-adt/-/ts-adt-2.1.2.tgz",
      "integrity": "sha512-UD0lr7eyiBjxogQjb1xMCjF7skrnxGZLNm4iROeU3ky5tJzXN0yQkkS4DfNGfM4RaUGMhgyrzf2wUynqK8AdWQ=="
    },
    "node_modules/typescript": {
      "version": "5.5.4",
      "resolved": "https://registry.npmjs.org/typescript/-/typescript-5.5.4.tgz",
      "integrity": "sha512-Mtq29sKDAEYP7aljRgtPOpTvOfbwRWlS6dPRzwjdE+C0R4brX/GUyhHSecbHMFLNBLcJIPt9nl9yG5TZ1weH+Q==",
      "dev": true,
      "bin": {
        "tsc": "bin/tsc",
        "tsserver": "bin/tsserver"
      },
      "engines": {
        "node": ">=14.17"
      }
    }
  }
}
